
Microsoft Visual Studio Solution File, Format Version 12.00
# Visual Studio Version 17
VisualStudioVersion = 17.6.33815.320
MinimumVisualStudioVersion = 10.0.40219.1
Project("{9A19103F-16F7-4668-BE54-9A1E7A4F7556}") = "Dapper_App", "Dapper_App\Dapper_App.csproj", "{4CEE2801-BB20-4215-93B1-925EC062BB01}"
EndProject
Project("{FAE04EC0-301F-11D3-BF4B-00C04F79EFBC}") = "Dapper_DB", "Dapper_DB\Dapper_DB.csproj", "{8EB888E6-3841-4B6E-BA05-D987879FC308}"
EndProject
Global
	GlobalSection(SolutionConfigurationPlatforms) = preSolution
		Debug|Any CPU = Debug|Any CPU
		Release|Any CPU = Release|Any CPU
	EndGlobalSection
	GlobalSection(ProjectConfigurationPlatforms) = postSolution
		{4CEE2801-BB20-4215-93B1-925EC062BB01}.Debug|Any CPU.ActiveCfg = Debug|Any CPU
		{4CEE2801-BB20-4215-93B1-925EC062BB01}.Debug|Any CPU.Build.0 = Debug|Any CPU
		{4CEE2801-BB20-4215-93B1-925EC062BB01}.Release|Any CPU.ActiveCfg = Release|Any CPU
		{4CEE2801-BB20-4215-93B1-925EC062BB01}.Release|Any CPU.Build.0 = Release|Any CPU
		{8EB888E6-3841-4B6E-BA05-D987879FC308}.Debug|Any CPU.ActiveCfg = Debug|Any CPU
		{8EB888E6-3841-4B6E-BA05-D987879FC308}.Debug|Any CPU.Build.0 = Debug|Any CPU
		{8EB888E6-3841-4B6E-BA05-D987879FC308}.Release|Any CPU.ActiveCfg = Release|Any CPU
		{8EB888E6-3841-4B6E-BA05-D987879FC308}.Release|Any CPU.Build.0 = Release|Any CPU
	EndGlobalSection
	GlobalSection(SolutionProperties) = preSolution
		HideSolutionNode = FALSE
	EndGlobalSection
	GlobalSection(ExtensibilityGlobals) = postSolution
		SolutionGuid = {701524F7-F3A0-49AC-948B-B15D1B9AF0FC}
	EndGlobalSection
EndGlobal
